
Microsoft Visual Studio Solution File, Format Version 12.00
# Visual Studio 2013
VisualStudioVersion = 12.0.21005.1
MinimumVisualStudioVersion = 10.0.40219.1
Project("{FAE04EC0-301F-11D3-BF4B-00C04F79EFBC}") = "ImcFramework.Infrastructure", "ImcFramework.Infrastructure\ImcFramework.Infrastructure.csproj", "{365441E9-1338-42F2-B8FA-E79714F06D16}"
EndProject
Project("{2150E333-8FDC-42A3-9474-1A3956D46DE8}") = ".Nuget", ".Nuget", "{C112B5E4-E20F-44D6-A71E-04AB3C054FBB}"
	ProjectSection(SolutionItems) = preProject
		Nuget\NuGet.Config = Nuget\NuGet.Config
		Nuget\NuGet.exe = Nuget\NuGet.exe
		Nuget\NuGet.targets = Nuget\NuGet.targets
	EndProjectSection
EndProject
Project("{2150E333-8FDC-42A3-9474-1A3956D46DE8}") = "01-Infrastructure", "01-Infrastructure", "{00317B7F-53FA-4920-8B14-BB5E5E32A1C6}"
EndProject
Project("{2150E333-8FDC-42A3-9474-1A3956D46DE8}") = "02-ServiceCore", "02-ServiceCore", "{99A917AC-DA4E-429A-BF6C-C75A247FA8C2}"
EndProject
Project("{2150E333-8FDC-42A3-9474-1A3956D46DE8}") = "03-WinService", "03-WinService", "{E6332877-4C74-4C57-ACC8-49310A20A965}"
EndProject
Project("{FAE04EC0-301F-11D3-BF4B-00C04F79EFBC}") = "ImcFramework.Core", "ImcFramework.Core\ImcFramework.Core.csproj", "{A2F7E65D-EA49-4044-B90E-BEA777D7A344}"
EndProject
Project("{FAE04EC0-301F-11D3-BF4B-00C04F79EFBC}") = "ImcFramework.WcfInterface", "ImcFramework.WcfInterface\ImcFramework.WcfInterface.csproj", "{7077341F-A72D-4A7E-A443-04ADF773CA01}"
EndProject
Project("{2150E333-8FDC-42A3-9474-1A3956D46DE8}") = "DemoWinService", "DemoWinService", "{43CA7568-5832-4B41-96AD-6FF523EA9E7E}"
EndProject
Project("{FAE04EC0-301F-11D3-BF4B-00C04F79EFBC}") = "ImcFramework.WinServiceLib", "ImcFramework.WinServiceLib\ImcFramework.WinServiceLib.csproj", "{6AE96B9C-6C90-47B7-851B-8C5E2E41F9B1}"
EndProject
Project("{FAE04EC0-301F-11D3-BF4B-00C04F79EFBC}") = "MyService", "MyService\MyService.csproj", "{B03ABEBB-2F65-4EBB-9730-55A19916025C}"
EndProject
Global
	GlobalSection(SolutionConfigurationPlatforms) = preSolution
		Debug|Any CPU = Debug|Any CPU
		Release|Any CPU = Release|Any CPU
	EndGlobalSection
	GlobalSection(ProjectConfigurationPlatforms) = postSolution
		{365441E9-1338-42F2-B8FA-E79714F06D16}.Debug|Any CPU.ActiveCfg = Debug|Any CPU
		{365441E9-1338-42F2-B8FA-E79714F06D16}.Debug|Any CPU.Build.0 = Debug|Any CPU
		{365441E9-1338-42F2-B8FA-E79714F06D16}.Release|Any CPU.ActiveCfg = Release|Any CPU
		{365441E9-1338-42F2-B8FA-E79714F06D16}.Release|Any CPU.Build.0 = Release|Any CPU
		{A2F7E65D-EA49-4044-B90E-BEA777D7A344}.Debug|Any CPU.ActiveCfg = Debug|Any CPU
		{A2F7E65D-EA49-4044-B90E-BEA777D7A344}.Debug|Any CPU.Build.0 = Debug|Any CPU
		{A2F7E65D-EA49-4044-B90E-BEA777D7A344}.Release|Any CPU.ActiveCfg = Release|Any CPU
		{A2F7E65D-EA49-4044-B90E-BEA777D7A344}.Release|Any CPU.Build.0 = Release|Any CPU
		{7077341F-A72D-4A7E-A443-04ADF773CA01}.Debug|Any CPU.ActiveCfg = Debug|Any CPU
		{7077341F-A72D-4A7E-A443-04ADF773CA01}.Debug|Any CPU.Build.0 = Debug|Any CPU
		{7077341F-A72D-4A7E-A443-04ADF773CA01}.Release|Any CPU.ActiveCfg = Release|Any CPU
		{7077341F-A72D-4A7E-A443-04ADF773CA01}.Release|Any CPU.Build.0 = Release|Any CPU
		{6AE96B9C-6C90-47B7-851B-8C5E2E41F9B1}.Debug|Any CPU.ActiveCfg = Debug|Any CPU
		{6AE96B9C-6C90-47B7-851B-8C5E2E41F9B1}.Debug|Any CPU.Build.0 = Debug|Any CPU
		{6AE96B9C-6C90-47B7-851B-8C5E2E41F9B1}.Release|Any CPU.ActiveCfg = Release|Any CPU
		{6AE96B9C-6C90-47B7-851B-8C5E2E41F9B1}.Release|Any CPU.Build.0 = Release|Any CPU
		{B03ABEBB-2F65-4EBB-9730-55A19916025C}.Debug|Any CPU.ActiveCfg = Debug|Any CPU
		{B03ABEBB-2F65-4EBB-9730-55A19916025C}.Debug|Any CPU.Build.0 = Debug|Any CPU
		{B03ABEBB-2F65-4EBB-9730-55A19916025C}.Release|Any CPU.ActiveCfg = Release|Any CPU
		{B03ABEBB-2F65-4EBB-9730-55A19916025C}.Release|Any CPU.Build.0 = Release|Any CPU
	EndGlobalSection
	GlobalSection(SolutionProperties) = preSolution
		HideSolutionNode = FALSE
	EndGlobalSection
	GlobalSection(NestedProjects) = preSolution
		{365441E9-1338-42F2-B8FA-E79714F06D16} = {00317B7F-53FA-4920-8B14-BB5E5E32A1C6}
		{A2F7E65D-EA49-4044-B90E-BEA777D7A344} = {99A917AC-DA4E-429A-BF6C-C75A247FA8C2}
		{7077341F-A72D-4A7E-A443-04ADF773CA01} = {99A917AC-DA4E-429A-BF6C-C75A247FA8C2}
		{43CA7568-5832-4B41-96AD-6FF523EA9E7E} = {E6332877-4C74-4C57-ACC8-49310A20A965}
		{6AE96B9C-6C90-47B7-851B-8C5E2E41F9B1} = {E6332877-4C74-4C57-ACC8-49310A20A965}
		{B03ABEBB-2F65-4EBB-9730-55A19916025C} = {43CA7568-5832-4B41-96AD-6FF523EA9E7E}
	EndGlobalSection
EndGlobal
