
Microsoft Visual Studio Solution File, Format Version 12.00
# Visual Studio 14
VisualStudioVersion = 14.0.23107.0
MinimumVisualStudioVersion = 10.0.40219.1
Project("{2150E333-8FDC-42A3-9474-1A3956D46DE8}") = ".Nuget", ".Nuget", "{C112B5E4-E20F-44D6-A71E-04AB3C054FBB}"
	ProjectSection(SolutionItems) = preProject
		Nuget\NuGet.Config = Nuget\NuGet.Config
		Nuget\NuGet.exe = Nuget\NuGet.exe
		Nuget\NuGet.targets = Nuget\NuGet.targets
	EndProjectSection
EndProject
Project("{2150E333-8FDC-42A3-9474-1A3956D46DE8}") = "01-Infrastructure", "01-Infrastructure", "{00317B7F-53FA-4920-8B14-BB5E5E32A1C6}"
EndProject
Project("{2150E333-8FDC-42A3-9474-1A3956D46DE8}") = "02-ServiceCore", "02-ServiceCore", "{99A917AC-DA4E-429A-BF6C-C75A247FA8C2}"
EndProject
Project("{2150E333-8FDC-42A3-9474-1A3956D46DE8}") = "03-WinService", "03-WinService", "{E6332877-4C74-4C57-ACC8-49310A20A965}"
EndProject
Project("{FAE04EC0-301F-11D3-BF4B-00C04F79EFBC}") = "ImcFramework.WcfInterface", "ImcFramework.WcfInterface\ImcFramework.WcfInterface.csproj", "{7077341F-A72D-4A7E-A443-04ADF773CA01}"
EndProject
Project("{2150E333-8FDC-42A3-9474-1A3956D46DE8}") = "DemoWinService", "DemoWinService", "{43CA7568-5832-4B41-96AD-6FF523EA9E7E}"
EndProject
Project("{FAE04EC0-301F-11D3-BF4B-00C04F79EFBC}") = "ImcFramework.WinServiceLib", "ImcFramework.WinServiceLib\ImcFramework.WinServiceLib.csproj", "{6AE96B9C-6C90-47B7-851B-8C5E2E41F9B1}"
EndProject
Project("{FAE04EC0-301F-11D3-BF4B-00C04F79EFBC}") = "MyService", "MyService\MyService.csproj", "{B03ABEBB-2F65-4EBB-9730-55A19916025C}"
EndProject
Project("{2150E333-8FDC-42A3-9474-1A3956D46DE8}") = "04-WinForm", "04-WinForm", "{58D55E3B-1694-4DF4-B4DE-64B84F34DBD2}"
EndProject
Project("{FAE04EC0-301F-11D3-BF4B-00C04F79EFBC}") = "ImcFramework.Winform", "ImcFramework.Winform\ImcFramework.Winform.csproj", "{F1D35520-1EEA-4141-803F-B334AB930138}"
	ProjectSection(ProjectDependencies) = postProject
		{3B88D842-79BC-4961-82BB-5BDB90CEA9AA} = {3B88D842-79BC-4961-82BB-5BDB90CEA9AA}
	EndProjectSection
EndProject
Project("{FAE04EC0-301F-11D3-BF4B-00C04F79EFBC}") = "ImcFramework.Core", "ImcFramework.Core\ImcFramework.Core.csproj", "{3B88D842-79BC-4961-82BB-5BDB90CEA9AA}"
EndProject
Project("{FAE04EC0-301F-11D3-BF4B-00C04F79EFBC}") = "ImcFramework.Core.SignalRExt", "ImcFramework.Core.SignalRExt\ImcFramework.Core.SignalRExt.csproj", "{35834724-5F5A-41D4-A51E-B51F153443A3}"
EndProject
Project("{FAE04EC0-301F-11D3-BF4B-00C04F79EFBC}") = "ImcFramework.Core.RedisExt", "ImcFramework.Core.RedisExt\ImcFramework.Core.RedisExt.csproj", "{2A472398-DFC6-4F59-93FD-1E8915F0E44E}"
EndProject
Project("{FAE04EC0-301F-11D3-BF4B-00C04F79EFBC}") = "ImcFramework.Core.LuceneNetExt", "ImcFramework.Core.LuceneNetExt\ImcFramework.Core.LuceneNetExt.csproj", "{DEAD616B-C30F-49A6-8F9D-C6105001A31C}"
EndProject
Project("{FAE04EC0-301F-11D3-BF4B-00C04F79EFBC}") = "ImcFramework", "ImcFramework\ImcFramework.csproj", "{F104BA9C-D14C-459F-9B5D-A0B3706B5F22}"
EndProject
Project("{2150E333-8FDC-42A3-9474-1A3956D46DE8}") = "DemoWinform", "DemoWinform", "{056362F8-2C49-4272-875C-D4F2E1645991}"
EndProject
Project("{FAE04EC0-301F-11D3-BF4B-00C04F79EFBC}") = "MyWinform", "MyWinform\MyWinform.csproj", "{75E5E5D7-C9F4-4B5E-802C-1F604BE36FB5}"
EndProject
Global
	GlobalSection(SolutionConfigurationPlatforms) = preSolution
		Debug|Any CPU = Debug|Any CPU
		Release|Any CPU = Release|Any CPU
	EndGlobalSection
	GlobalSection(ProjectConfigurationPlatforms) = postSolution
		{7077341F-A72D-4A7E-A443-04ADF773CA01}.Debug|Any CPU.ActiveCfg = Debug|Any CPU
		{7077341F-A72D-4A7E-A443-04ADF773CA01}.Debug|Any CPU.Build.0 = Debug|Any CPU
		{7077341F-A72D-4A7E-A443-04ADF773CA01}.Release|Any CPU.ActiveCfg = Release|Any CPU
		{7077341F-A72D-4A7E-A443-04ADF773CA01}.Release|Any CPU.Build.0 = Release|Any CPU
		{6AE96B9C-6C90-47B7-851B-8C5E2E41F9B1}.Debug|Any CPU.ActiveCfg = Debug|Any CPU
		{6AE96B9C-6C90-47B7-851B-8C5E2E41F9B1}.Debug|Any CPU.Build.0 = Debug|Any CPU
		{6AE96B9C-6C90-47B7-851B-8C5E2E41F9B1}.Release|Any CPU.ActiveCfg = Release|Any CPU
		{6AE96B9C-6C90-47B7-851B-8C5E2E41F9B1}.Release|Any CPU.Build.0 = Release|Any CPU
		{B03ABEBB-2F65-4EBB-9730-55A19916025C}.Debug|Any CPU.ActiveCfg = Debug|Any CPU
		{B03ABEBB-2F65-4EBB-9730-55A19916025C}.Debug|Any CPU.Build.0 = Debug|Any CPU
		{B03ABEBB-2F65-4EBB-9730-55A19916025C}.Release|Any CPU.ActiveCfg = Release|Any CPU
		{B03ABEBB-2F65-4EBB-9730-55A19916025C}.Release|Any CPU.Build.0 = Release|Any CPU
		{F1D35520-1EEA-4141-803F-B334AB930138}.Debug|Any CPU.ActiveCfg = Debug|Any CPU
		{F1D35520-1EEA-4141-803F-B334AB930138}.Debug|Any CPU.Build.0 = Debug|Any CPU
		{F1D35520-1EEA-4141-803F-B334AB930138}.Release|Any CPU.ActiveCfg = Release|Any CPU
		{F1D35520-1EEA-4141-803F-B334AB930138}.Release|Any CPU.Build.0 = Release|Any CPU
		{3B88D842-79BC-4961-82BB-5BDB90CEA9AA}.Debug|Any CPU.ActiveCfg = Debug|Any CPU
		{3B88D842-79BC-4961-82BB-5BDB90CEA9AA}.Debug|Any CPU.Build.0 = Debug|Any CPU
		{3B88D842-79BC-4961-82BB-5BDB90CEA9AA}.Release|Any CPU.ActiveCfg = Release|Any CPU
		{3B88D842-79BC-4961-82BB-5BDB90CEA9AA}.Release|Any CPU.Build.0 = Release|Any CPU
		{35834724-5F5A-41D4-A51E-B51F153443A3}.Debug|Any CPU.ActiveCfg = Debug|Any CPU
		{35834724-5F5A-41D4-A51E-B51F153443A3}.Debug|Any CPU.Build.0 = Debug|Any CPU
		{35834724-5F5A-41D4-A51E-B51F153443A3}.Release|Any CPU.ActiveCfg = Release|Any CPU
		{35834724-5F5A-41D4-A51E-B51F153443A3}.Release|Any CPU.Build.0 = Release|Any CPU
		{2A472398-DFC6-4F59-93FD-1E8915F0E44E}.Debug|Any CPU.ActiveCfg = Debug|Any CPU
		{2A472398-DFC6-4F59-93FD-1E8915F0E44E}.Debug|Any CPU.Build.0 = Debug|Any CPU
		{2A472398-DFC6-4F59-93FD-1E8915F0E44E}.Release|Any CPU.ActiveCfg = Release|Any CPU
		{2A472398-DFC6-4F59-93FD-1E8915F0E44E}.Release|Any CPU.Build.0 = Release|Any CPU
		{DEAD616B-C30F-49A6-8F9D-C6105001A31C}.Debug|Any CPU.ActiveCfg = Debug|Any CPU
		{DEAD616B-C30F-49A6-8F9D-C6105001A31C}.Debug|Any CPU.Build.0 = Debug|Any CPU
		{DEAD616B-C30F-49A6-8F9D-C6105001A31C}.Release|Any CPU.ActiveCfg = Release|Any CPU
		{DEAD616B-C30F-49A6-8F9D-C6105001A31C}.Release|Any CPU.Build.0 = Release|Any CPU
		{F104BA9C-D14C-459F-9B5D-A0B3706B5F22}.Debug|Any CPU.ActiveCfg = Debug|Any CPU
		{F104BA9C-D14C-459F-9B5D-A0B3706B5F22}.Debug|Any CPU.Build.0 = Debug|Any CPU
		{F104BA9C-D14C-459F-9B5D-A0B3706B5F22}.Release|Any CPU.ActiveCfg = Release|Any CPU
		{F104BA9C-D14C-459F-9B5D-A0B3706B5F22}.Release|Any CPU.Build.0 = Release|Any CPU
		{75E5E5D7-C9F4-4B5E-802C-1F604BE36FB5}.Debug|Any CPU.ActiveCfg = Debug|Any CPU
		{75E5E5D7-C9F4-4B5E-802C-1F604BE36FB5}.Debug|Any CPU.Build.0 = Debug|Any CPU
		{75E5E5D7-C9F4-4B5E-802C-1F604BE36FB5}.Release|Any CPU.ActiveCfg = Release|Any CPU
		{75E5E5D7-C9F4-4B5E-802C-1F604BE36FB5}.Release|Any CPU.Build.0 = Release|Any CPU
	EndGlobalSection
	GlobalSection(SolutionProperties) = preSolution
		HideSolutionNode = FALSE
	EndGlobalSection
	GlobalSection(NestedProjects) = preSolution
		{7077341F-A72D-4A7E-A443-04ADF773CA01} = {99A917AC-DA4E-429A-BF6C-C75A247FA8C2}
		{43CA7568-5832-4B41-96AD-6FF523EA9E7E} = {E6332877-4C74-4C57-ACC8-49310A20A965}
		{6AE96B9C-6C90-47B7-851B-8C5E2E41F9B1} = {E6332877-4C74-4C57-ACC8-49310A20A965}
		{B03ABEBB-2F65-4EBB-9730-55A19916025C} = {43CA7568-5832-4B41-96AD-6FF523EA9E7E}
		{F1D35520-1EEA-4141-803F-B334AB930138} = {58D55E3B-1694-4DF4-B4DE-64B84F34DBD2}
		{3B88D842-79BC-4961-82BB-5BDB90CEA9AA} = {99A917AC-DA4E-429A-BF6C-C75A247FA8C2}
		{35834724-5F5A-41D4-A51E-B51F153443A3} = {99A917AC-DA4E-429A-BF6C-C75A247FA8C2}
		{2A472398-DFC6-4F59-93FD-1E8915F0E44E} = {99A917AC-DA4E-429A-BF6C-C75A247FA8C2}
		{DEAD616B-C30F-49A6-8F9D-C6105001A31C} = {99A917AC-DA4E-429A-BF6C-C75A247FA8C2}
		{F104BA9C-D14C-459F-9B5D-A0B3706B5F22} = {00317B7F-53FA-4920-8B14-BB5E5E32A1C6}
		{056362F8-2C49-4272-875C-D4F2E1645991} = {58D55E3B-1694-4DF4-B4DE-64B84F34DBD2}
		{75E5E5D7-C9F4-4B5E-802C-1F604BE36FB5} = {056362F8-2C49-4272-875C-D4F2E1645991}
	EndGlobalSection
EndGlobal
